
Microsoft Visual Studio Solution File, Format Version 12.00
# Visual Studio Version 17
VisualStudioVersion = 17.14.36623.8
MinimumVisualStudioVersion = 10.0.40219.1
Project("{2150E333-8FDC-42A3-9474-1A3956D46DE8}") = "Engine", "Engine", "{02EA681E-C7D8-13C7-8484-4AC65E1B71E8}"
EndProject
Project("{8BC9CEB8-8B4A-11D0-8D11-00A0C91BC942}") = "GoatedEngine", "Engine\GoatedEngine\GoatedEngine.vcxproj", "{8C35477B-DB34-4FE2-8F4B-EE00B91A408E}"
EndProject
Project("{2150E333-8FDC-42A3-9474-1A3956D46DE8}") = "Framework", "Framework", "{E5D0CCA5-4ACC-40AC-8930-78CDFF4F1245}"
EndProject
Project("{8BC9CEB8-8B4A-11D0-8D11-00A0C91BC942}") = "Core", "Framework\Core\Core.vcxproj", "{BC71BB36-B58B-4660-A4DA-C0A0354C2C73}"
EndProject
Project("{2150E333-8FDC-42A3-9474-1A3956D46DE8}") = "VGP242", "VGP242", "{B9442101-47DE-4179-8898-E3FA20CAFF2B}"
EndProject
Project("{8BC9CEB8-8B4A-11D0-8D11-00A0C91BC942}") = "01_HelloWindow", "VGP242\01_HelloWindow\01_HelloWindow.vcxproj", "{1829367B-DF17-4E95-90C9-9C9C8C50BE60}"
EndProject
Project("{8BC9CEB8-8B4A-11D0-8D11-00A0C91BC942}") = "Input", "Framework\Input\Input.vcxproj", "{3629F01A-6FED-42EB-B308-E9F7F1346EAF}"
EndProject
Project("{8BC9CEB8-8B4A-11D0-8D11-00A0C91BC942}") = "Graphics", "Framework\Graphics\Graphics.vcxproj", "{7BF9D9AD-A57E-48D7-B79F-9D0F7CD8021C}"
EndProject
Project("{2150E333-8FDC-42A3-9474-1A3956D46DE8}") = "External", "External", "{AE48EACE-F889-4EC9-B9FC-8834D716B007}"
EndProject
Project("{8BC9CEB8-8B4A-11D0-8D11-00A0C91BC942}") = "DirectXTK_Desktop_2022", "External\DirectXTK\DirectXTK_Desktop_2022.vcxproj", "{E0B52AE7-E160-4D32-BF3F-910B785E5A8E}"
EndProject
Project("{8BC9CEB8-8B4A-11D0-8D11-00A0C91BC942}") = "Math", "Framework\Math\Math.vcxproj", "{CA551747-6AD1-4314-A796-4B445A7A3962}"
EndProject
Project("{8BC9CEB8-8B4A-11D0-8D11-00A0C91BC942}") = "02_HelloShapes", "VGP242\02_HelloShapes\02_HelloShapes.vcxproj", "{1EE34EFE-97CA-4C8B-9FB3-A1B45DE0A381}"
EndProject
Project("{2150E333-8FDC-42A3-9474-1A3956D46DE8}") = "Assets", "Assets", "{B42DDF06-B0EA-44E3-8A79-E50FB120190C}"
EndProject
Project("{2150E333-8FDC-42A3-9474-1A3956D46DE8}") = "Shaders", "Shaders", "{ACAF4EBA-63A8-4BF6-A31B-A9593E919283}"
	ProjectSection(SolutionItems) = preProject
		Assets\Shaders\DoColor.fx = Assets\Shaders\DoColor.fx
		Assets\Shaders\DoSomething.fx = Assets\Shaders\DoSomething.fx
	EndProjectSection
EndProject
Global
	GlobalSection(SolutionConfigurationPlatforms) = preSolution
		Debug|x64 = Debug|x64
		Debug|x86 = Debug|x86
		Release|x64 = Release|x64
		Release|x86 = Release|x86
	EndGlobalSection
	GlobalSection(ProjectConfigurationPlatforms) = postSolution
		{8C35477B-DB34-4FE2-8F4B-EE00B91A408E}.Debug|x64.ActiveCfg = Debug|x64
		{8C35477B-DB34-4FE2-8F4B-EE00B91A408E}.Debug|x64.Build.0 = Debug|x64
		{8C35477B-DB34-4FE2-8F4B-EE00B91A408E}.Debug|x86.ActiveCfg = Debug|Win32
		{8C35477B-DB34-4FE2-8F4B-EE00B91A408E}.Debug|x86.Build.0 = Debug|Win32
		{8C35477B-DB34-4FE2-8F4B-EE00B91A408E}.Release|x64.ActiveCfg = Release|x64
		{8C35477B-DB34-4FE2-8F4B-EE00B91A408E}.Release|x64.Build.0 = Release|x64
		{8C35477B-DB34-4FE2-8F4B-EE00B91A408E}.Release|x86.ActiveCfg = Release|Win32
		{8C35477B-DB34-4FE2-8F4B-EE00B91A408E}.Release|x86.Build.0 = Release|Win32
		{BC71BB36-B58B-4660-A4DA-C0A0354C2C73}.Debug|x64.ActiveCfg = Debug|x64
		{BC71BB36-B58B-4660-A4DA-C0A0354C2C73}.Debug|x64.Build.0 = Debug|x64
		{BC71BB36-B58B-4660-A4DA-C0A0354C2C73}.Debug|x86.ActiveCfg = Debug|Win32
		{BC71BB36-B58B-4660-A4DA-C0A0354C2C73}.Debug|x86.Build.0 = Debug|Win32
		{BC71BB36-B58B-4660-A4DA-C0A0354C2C73}.Release|x64.ActiveCfg = Release|x64
		{BC71BB36-B58B-4660-A4DA-C0A0354C2C73}.Release|x64.Build.0 = Release|x64
		{BC71BB36-B58B-4660-A4DA-C0A0354C2C73}.Release|x86.ActiveCfg = Release|Win32
		{BC71BB36-B58B-4660-A4DA-C0A0354C2C73}.Release|x86.Build.0 = Release|Win32
		{1829367B-DF17-4E95-90C9-9C9C8C50BE60}.Debug|x64.ActiveCfg = Debug|x64
		{1829367B-DF17-4E95-90C9-9C9C8C50BE60}.Debug|x64.Build.0 = Debug|x64
		{1829367B-DF17-4E95-90C9-9C9C8C50BE60}.Debug|x86.ActiveCfg = Debug|Win32
		{1829367B-DF17-4E95-90C9-9C9C8C50BE60}.Debug|x86.Build.0 = Debug|Win32
		{1829367B-DF17-4E95-90C9-9C9C8C50BE60}.Release|x64.ActiveCfg = Release|x64
		{1829367B-DF17-4E95-90C9-9C9C8C50BE60}.Release|x64.Build.0 = Release|x64
		{1829367B-DF17-4E95-90C9-9C9C8C50BE60}.Release|x86.ActiveCfg = Release|Win32
		{1829367B-DF17-4E95-90C9-9C9C8C50BE60}.Release|x86.Build.0 = Release|Win32
		{3629F01A-6FED-42EB-B308-E9F7F1346EAF}.Debug|x64.ActiveCfg = Debug|x64
		{3629F01A-6FED-42EB-B308-E9F7F1346EAF}.Debug|x64.Build.0 = Debug|x64
		{3629F01A-6FED-42EB-B308-E9F7F1346EAF}.Debug|x86.ActiveCfg = Debug|Win32
		{3629F01A-6FED-42EB-B308-E9F7F1346EAF}.Debug|x86.Build.0 = Debug|Win32
		{3629F01A-6FED-42EB-B308-E9F7F1346EAF}.Release|x64.ActiveCfg = Release|x64
		{3629F01A-6FED-42EB-B308-E9F7F1346EAF}.Release|x64.Build.0 = Release|x64
		{3629F01A-6FED-42EB-B308-E9F7F1346EAF}.Release|x86.ActiveCfg = Release|Win32
		{3629F01A-6FED-42EB-B308-E9F7F1346EAF}.Release|x86.Build.0 = Release|Win32
		{7BF9D9AD-A57E-48D7-B79F-9D0F7CD8021C}.Debug|x64.ActiveCfg = Debug|x64
		{7BF9D9AD-A57E-48D7-B79F-9D0F7CD8021C}.Debug|x64.Build.0 = Debug|x64
		{7BF9D9AD-A57E-48D7-B79F-9D0F7CD8021C}.Debug|x86.ActiveCfg = Debug|Win32
		{7BF9D9AD-A57E-48D7-B79F-9D0F7CD8021C}.Debug|x86.Build.0 = Debug|Win32
		{7BF9D9AD-A57E-48D7-B79F-9D0F7CD8021C}.Release|x64.ActiveCfg = Release|x64
		{7BF9D9AD-A57E-48D7-B79F-9D0F7CD8021C}.Release|x64.Build.0 = Release|x64
		{7BF9D9AD-A57E-48D7-B79F-9D0F7CD8021C}.Release|x86.ActiveCfg = Release|Win32
		{7BF9D9AD-A57E-48D7-B79F-9D0F7CD8021C}.Release|x86.Build.0 = Release|Win32
		{E0B52AE7-E160-4D32-BF3F-910B785E5A8E}.Debug|x64.ActiveCfg = Debug|x64
		{E0B52AE7-E160-4D32-BF3F-910B785E5A8E}.Debug|x64.Build.0 = Debug|x64
		{E0B52AE7-E160-4D32-BF3F-910B785E5A8E}.Debug|x86.ActiveCfg = Debug|Win32
		{E0B52AE7-E160-4D32-BF3F-910B785E5A8E}.Debug|x86.Build.0 = Debug|Win32
		{E0B52AE7-E160-4D32-BF3F-910B785E5A8E}.Release|x64.ActiveCfg = Release|x64
		{E0B52AE7-E160-4D32-BF3F-910B785E5A8E}.Release|x64.Build.0 = Release|x64
		{E0B52AE7-E160-4D32-BF3F-910B785E5A8E}.Release|x86.ActiveCfg = Release|Win32
		{E0B52AE7-E160-4D32-BF3F-910B785E5A8E}.Release|x86.Build.0 = Release|Win32
		{CA551747-6AD1-4314-A796-4B445A7A3962}.Debug|x64.ActiveCfg = Debug|x64
		{CA551747-6AD1-4314-A796-4B445A7A3962}.Debug|x64.Build.0 = Debug|x64
		{CA551747-6AD1-4314-A796-4B445A7A3962}.Debug|x86.ActiveCfg = Debug|Win32
		{CA551747-6AD1-4314-A796-4B445A7A3962}.Debug|x86.Build.0 = Debug|Win32
		{CA551747-6AD1-4314-A796-4B445A7A3962}.Release|x64.ActiveCfg = Release|x64
		{CA551747-6AD1-4314-A796-4B445A7A3962}.Release|x64.Build.0 = Release|x64
		{CA551747-6AD1-4314-A796-4B445A7A3962}.Release|x86.ActiveCfg = Release|Win32
		{CA551747-6AD1-4314-A796-4B445A7A3962}.Release|x86.Build.0 = Release|Win32
		{1EE34EFE-97CA-4C8B-9FB3-A1B45DE0A381}.Debug|x64.ActiveCfg = Debug|x64
		{1EE34EFE-97CA-4C8B-9FB3-A1B45DE0A381}.Debug|x64.Build.0 = Debug|x64
		{1EE34EFE-97CA-4C8B-9FB3-A1B45DE0A381}.Debug|x86.ActiveCfg = Debug|Win32
		{1EE34EFE-97CA-4C8B-9FB3-A1B45DE0A381}.Debug|x86.Build.0 = Debug|Win32
		{1EE34EFE-97CA-4C8B-9FB3-A1B45DE0A381}.Release|x64.ActiveCfg = Release|x64
		{1EE34EFE-97CA-4C8B-9FB3-A1B45DE0A381}.Release|x64.Build.0 = Release|x64
		{1EE34EFE-97CA-4C8B-9FB3-A1B45DE0A381}.Release|x86.ActiveCfg = Release|Win32
		{1EE34EFE-97CA-4C8B-9FB3-A1B45DE0A381}.Release|x86.Build.0 = Release|Win32
	EndGlobalSection
	GlobalSection(SolutionProperties) = preSolution
		HideSolutionNode = FALSE
	EndGlobalSection
	GlobalSection(NestedProjects) = preSolution
		{8C35477B-DB34-4FE2-8F4B-EE00B91A408E} = {02EA681E-C7D8-13C7-8484-4AC65E1B71E8}
		{BC71BB36-B58B-4660-A4DA-C0A0354C2C73} = {E5D0CCA5-4ACC-40AC-8930-78CDFF4F1245}
		{1829367B-DF17-4E95-90C9-9C9C8C50BE60} = {B9442101-47DE-4179-8898-E3FA20CAFF2B}
		{3629F01A-6FED-42EB-B308-E9F7F1346EAF} = {E5D0CCA5-4ACC-40AC-8930-78CDFF4F1245}
		{7BF9D9AD-A57E-48D7-B79F-9D0F7CD8021C} = {E5D0CCA5-4ACC-40AC-8930-78CDFF4F1245}
		{E0B52AE7-E160-4D32-BF3F-910B785E5A8E} = {AE48EACE-F889-4EC9-B9FC-8834D716B007}
		{CA551747-6AD1-4314-A796-4B445A7A3962} = {E5D0CCA5-4ACC-40AC-8930-78CDFF4F1245}
		{1EE34EFE-97CA-4C8B-9FB3-A1B45DE0A381} = {B9442101-47DE-4179-8898-E3FA20CAFF2B}
		{ACAF4EBA-63A8-4BF6-A31B-A9593E919283} = {B42DDF06-B0EA-44E3-8A79-E50FB120190C}
	EndGlobalSection
	GlobalSection(ExtensibilityGlobals) = postSolution
		SolutionGuid = {DA60EEFA-2B5E-464F-925F-F550B019CBD6}
	EndGlobalSection
EndGlobal
